
Microsoft Visual Studio Solution File, Format Version 12.00
# Visual Studio Version 17
VisualStudioVersion = 17.1.32319.34
MinimumVisualStudioVersion = 10.0.40219.1
Project("{FAE04EC0-301F-11D3-BF4B-00C04F79EFBC}") = "ShoppingCart.Web", "ShoppingCart.Web\ShoppingCart.Web.csproj", "{45B71B38-4A0B-4B0E-A7BA-CFE67EC8966C}"
EndProject
Project("{FAE04EC0-301F-11D3-BF4B-00C04F79EFBC}") = "ShoppingCart.Models", "ShoppingCart.Models\ShoppingCart.Models.csproj", "{17C35C5E-4B52-415A-8198-6A3503C76E9F}"
EndProject
Project("{FAE04EC0-301F-11D3-BF4B-00C04F79EFBC}") = "ShoppingCart.DataAccess", "ShoppingCart.DataAccess\ShoppingCart.DataAccess.csproj", "{88A4B5D1-019F-4A52-8020-4567449DBE9E}"
EndProject
Project("{FAE04EC0-301F-11D3-BF4B-00C04F79EFBC}") = "ShoppingCart.Utility", "ShoppingCart.Utility\ShoppingCart.Utility.csproj", "{589208D8-29B2-4EA0-951A-6C379D47AF2B}"
EndProject
Global
	GlobalSection(SolutionConfigurationPlatforms) = preSolution
		Debug|Any CPU = Debug|Any CPU
		Release|Any CPU = Release|Any CPU
	EndGlobalSection
	GlobalSection(ProjectConfigurationPlatforms) = postSolution
		{45B71B38-4A0B-4B0E-A7BA-CFE67EC8966C}.Debug|Any CPU.ActiveCfg = Debug|Any CPU
		{45B71B38-4A0B-4B0E-A7BA-CFE67EC8966C}.Debug|Any CPU.Build.0 = Debug|Any CPU
		{45B71B38-4A0B-4B0E-A7BA-CFE67EC8966C}.Release|Any CPU.ActiveCfg = Release|Any CPU
		{45B71B38-4A0B-4B0E-A7BA-CFE67EC8966C}.Release|Any CPU.Build.0 = Release|Any CPU
		{17C35C5E-4B52-415A-8198-6A3503C76E9F}.Debug|Any CPU.ActiveCfg = Debug|Any CPU
		{17C35C5E-4B52-415A-8198-6A3503C76E9F}.Debug|Any CPU.Build.0 = Debug|Any CPU
		{17C35C5E-4B52-415A-8198-6A3503C76E9F}.Release|Any CPU.ActiveCfg = Release|Any CPU
		{17C35C5E-4B52-415A-8198-6A3503C76E9F}.Release|Any CPU.Build.0 = Release|Any CPU
		{88A4B5D1-019F-4A52-8020-4567449DBE9E}.Debug|Any CPU.ActiveCfg = Debug|Any CPU
		{88A4B5D1-019F-4A52-8020-4567449DBE9E}.Debug|Any CPU.Build.0 = Debug|Any CPU
		{88A4B5D1-019F-4A52-8020-4567449DBE9E}.Release|Any CPU.ActiveCfg = Release|Any CPU
		{88A4B5D1-019F-4A52-8020-4567449DBE9E}.Release|Any CPU.Build.0 = Release|Any CPU
		{589208D8-29B2-4EA0-951A-6C379D47AF2B}.Debug|Any CPU.ActiveCfg = Debug|Any CPU
		{589208D8-29B2-4EA0-951A-6C379D47AF2B}.Debug|Any CPU.Build.0 = Debug|Any CPU
		{589208D8-29B2-4EA0-951A-6C379D47AF2B}.Release|Any CPU.ActiveCfg = Release|Any CPU
		{589208D8-29B2-4EA0-951A-6C379D47AF2B}.Release|Any CPU.Build.0 = Release|Any CPU
	EndGlobalSection
	GlobalSection(SolutionProperties) = preSolution
		HideSolutionNode = FALSE
	EndGlobalSection
	GlobalSection(ExtensibilityGlobals) = postSolution
		SolutionGuid = {B677CD93-6182-48D1-9D96-527710099633}
	EndGlobalSection
EndGlobal
